
Microsoft Visual Studio Solution File, Format Version 12.00
# Visual Studio Version 17
VisualStudioVersion = 17.11.35312.102
MinimumVisualStudioVersion = 10.0.40219.1
Project("{FAE04EC0-301F-11D3-BF4B-00C04F79EFBC}") = "WisielecFinal", "WisielecFinal\WisielecFinal.csproj", "{6E4A8886-F923-427F-9754-F6A038465FCC}"
EndProject
Global
	GlobalSection(SolutionConfigurationPlatforms) = preSolution
		Debug|Any CPU = Debug|Any CPU
		Release|Any CPU = Release|Any CPU
	EndGlobalSection
	GlobalSection(ProjectConfigurationPlatforms) = postSolution
		{6E4A8886-F923-427F-9754-F6A038465FCC}.Debug|Any CPU.ActiveCfg = Debug|Any CPU
		{6E4A8886-F923-427F-9754-F6A038465FCC}.Debug|Any CPU.Build.0 = Debug|Any CPU
		{6E4A8886-F923-427F-9754-F6A038465FCC}.Release|Any CPU.ActiveCfg = Release|Any CPU
		{6E4A8886-F923-427F-9754-F6A038465FCC}.Release|Any CPU.Build.0 = Release|Any CPU
	EndGlobalSection
	GlobalSection(SolutionProperties) = preSolution
		HideSolutionNode = FALSE
	EndGlobalSection
	GlobalSection(ExtensibilityGlobals) = postSolution
		SolutionGuid = {7CA76FD9-AD18-4BB4-B086-C1F4DE8A8865}
	EndGlobalSection
EndGlobal
